
Microsoft Visual Studio Solution File, Format Version 12.00
# Visual Studio Version 17
VisualStudioVersion = 17.0.32014.148
MinimumVisualStudioVersion = 10.0.40219.1
Project("{9A19103F-16F7-4668-BE54-9A1E7A4F7556}") = "Coursewise.Api", "Coursewise.Api\Coursewise.Api.csproj", "{172F383E-6C5B-4C98-8720-31E9402DFA52}"
EndProject
Project("{9A19103F-16F7-4668-BE54-9A1E7A4F7556}") = "Coursewise.Typeform", "Coursewise.Typeform\Coursewise.Typeform.csproj", "{CB65558D-2CE4-4A64-AD12-7CF6F4E07895}"
EndProject
Project("{9A19103F-16F7-4668-BE54-9A1E7A4F7556}") = "Coursewise.Common", "Coursewise.Common\Coursewise.Common.csproj", "{EDD55D73-BB19-427C-8DE3-BEE46FA54A1A}"
EndProject
Project("{9A19103F-16F7-4668-BE54-9A1E7A4F7556}") = "Coursewise.AWS", "Coursewise.AWS\Coursewise.AWS.csproj", "{17FD0467-F5B2-4458-9E7B-98D81668F3B2}"
EndProject
Project("{2150E333-8FDC-42A3-9474-1A3956D46DE8}") = "Solution Items", "Solution Items", "{470308A6-CE9E-4F1B-BC1F-92A159B2CF55}"
	ProjectSection(SolutionItems) = preProject
		.editorconfig = .editorconfig
	EndProjectSection
EndProject
Project("{9A19103F-16F7-4668-BE54-9A1E7A4F7556}") = "Coursewise.Domain", "Coursewise.Domain\Coursewise.Domain.csproj", "{3AEBB117-45CE-4DF8-BFFA-DEA50B96D0BE}"
EndProject
Project("{9A19103F-16F7-4668-BE54-9A1E7A4F7556}") = "Coursewise.Logging", "Coursewise.Logging\Coursewise.Logging.csproj", "{A0527BC6-202E-46AF-889B-328975588415}"
EndProject
Project("{9A19103F-16F7-4668-BE54-9A1E7A4F7556}") = "Coursewise.Module", "Coursewise.Module\Coursewise.Module.csproj", "{543BB1B8-7265-49C6-B01C-31AC4E8C0A4F}"
EndProject
Project("{9A19103F-16F7-4668-BE54-9A1E7A4F7556}") = "Coursewise.Data", "Coursewise.Data\Coursewise.Data.csproj", "{D5E288AD-66DC-4952-8A2C-AD5EB3CB76BF}"
EndProject
Project("{9A19103F-16F7-4668-BE54-9A1E7A4F7556}") = "Coursewise.Security.Compact", "Coursewise.Security.Compact\Coursewise.Security.Compact.csproj", "{0D15811D-D5C1-4B03-B1B1-922B85C75D3A}"
EndProject
Project("{FAE04EC0-301F-11D3-BF4B-00C04F79EFBC}") = "Coursewise.Test", "Coursewise.Test\Coursewise.Test.csproj", "{9137D36C-CF38-45E9-BDA6-EC07F4815049}"
EndProject
Global
	GlobalSection(SolutionConfigurationPlatforms) = preSolution
		Debug|Any CPU = Debug|Any CPU
		Release|Any CPU = Release|Any CPU
	EndGlobalSection
	GlobalSection(ProjectConfigurationPlatforms) = postSolution
		{172F383E-6C5B-4C98-8720-31E9402DFA52}.Debug|Any CPU.ActiveCfg = Debug|Any CPU
		{172F383E-6C5B-4C98-8720-31E9402DFA52}.Debug|Any CPU.Build.0 = Debug|Any CPU
		{172F383E-6C5B-4C98-8720-31E9402DFA52}.Release|Any CPU.ActiveCfg = Release|Any CPU
		{172F383E-6C5B-4C98-8720-31E9402DFA52}.Release|Any CPU.Build.0 = Release|Any CPU
		{CB65558D-2CE4-4A64-AD12-7CF6F4E07895}.Debug|Any CPU.ActiveCfg = Debug|Any CPU
		{CB65558D-2CE4-4A64-AD12-7CF6F4E07895}.Debug|Any CPU.Build.0 = Debug|Any CPU
		{CB65558D-2CE4-4A64-AD12-7CF6F4E07895}.Release|Any CPU.ActiveCfg = Release|Any CPU
		{CB65558D-2CE4-4A64-AD12-7CF6F4E07895}.Release|Any CPU.Build.0 = Release|Any CPU
		{EDD55D73-BB19-427C-8DE3-BEE46FA54A1A}.Debug|Any CPU.ActiveCfg = Debug|Any CPU
		{EDD55D73-BB19-427C-8DE3-BEE46FA54A1A}.Debug|Any CPU.Build.0 = Debug|Any CPU
		{EDD55D73-BB19-427C-8DE3-BEE46FA54A1A}.Release|Any CPU.ActiveCfg = Release|Any CPU
		{EDD55D73-BB19-427C-8DE3-BEE46FA54A1A}.Release|Any CPU.Build.0 = Release|Any CPU
		{17FD0467-F5B2-4458-9E7B-98D81668F3B2}.Debug|Any CPU.ActiveCfg = Debug|Any CPU
		{17FD0467-F5B2-4458-9E7B-98D81668F3B2}.Debug|Any CPU.Build.0 = Debug|Any CPU
		{17FD0467-F5B2-4458-9E7B-98D81668F3B2}.Release|Any CPU.ActiveCfg = Release|Any CPU
		{17FD0467-F5B2-4458-9E7B-98D81668F3B2}.Release|Any CPU.Build.0 = Release|Any CPU
		{3AEBB117-45CE-4DF8-BFFA-DEA50B96D0BE}.Debug|Any CPU.ActiveCfg = Debug|Any CPU
		{3AEBB117-45CE-4DF8-BFFA-DEA50B96D0BE}.Debug|Any CPU.Build.0 = Debug|Any CPU
		{3AEBB117-45CE-4DF8-BFFA-DEA50B96D0BE}.Release|Any CPU.ActiveCfg = Release|Any CPU
		{3AEBB117-45CE-4DF8-BFFA-DEA50B96D0BE}.Release|Any CPU.Build.0 = Release|Any CPU
		{A0527BC6-202E-46AF-889B-328975588415}.Debug|Any CPU.ActiveCfg = Debug|Any CPU
		{A0527BC6-202E-46AF-889B-328975588415}.Debug|Any CPU.Build.0 = Debug|Any CPU
		{A0527BC6-202E-46AF-889B-328975588415}.Release|Any CPU.ActiveCfg = Release|Any CPU
		{A0527BC6-202E-46AF-889B-328975588415}.Release|Any CPU.Build.0 = Release|Any CPU
		{543BB1B8-7265-49C6-B01C-31AC4E8C0A4F}.Debug|Any CPU.ActiveCfg = Debug|Any CPU
		{543BB1B8-7265-49C6-B01C-31AC4E8C0A4F}.Debug|Any CPU.Build.0 = Debug|Any CPU
		{543BB1B8-7265-49C6-B01C-31AC4E8C0A4F}.Release|Any CPU.ActiveCfg = Release|Any CPU
		{543BB1B8-7265-49C6-B01C-31AC4E8C0A4F}.Release|Any CPU.Build.0 = Release|Any CPU
		{D5E288AD-66DC-4952-8A2C-AD5EB3CB76BF}.Debug|Any CPU.ActiveCfg = Debug|Any CPU
		{D5E288AD-66DC-4952-8A2C-AD5EB3CB76BF}.Debug|Any CPU.Build.0 = Debug|Any CPU
		{D5E288AD-66DC-4952-8A2C-AD5EB3CB76BF}.Release|Any CPU.ActiveCfg = Release|Any CPU
		{D5E288AD-66DC-4952-8A2C-AD5EB3CB76BF}.Release|Any CPU.Build.0 = Release|Any CPU
		{0D15811D-D5C1-4B03-B1B1-922B85C75D3A}.Debug|Any CPU.ActiveCfg = Debug|Any CPU
		{0D15811D-D5C1-4B03-B1B1-922B85C75D3A}.Debug|Any CPU.Build.0 = Debug|Any CPU
		{0D15811D-D5C1-4B03-B1B1-922B85C75D3A}.Release|Any CPU.ActiveCfg = Release|Any CPU
		{0D15811D-D5C1-4B03-B1B1-922B85C75D3A}.Release|Any CPU.Build.0 = Release|Any CPU
		{9137D36C-CF38-45E9-BDA6-EC07F4815049}.Debug|Any CPU.ActiveCfg = Debug|Any CPU
		{9137D36C-CF38-45E9-BDA6-EC07F4815049}.Debug|Any CPU.Build.0 = Debug|Any CPU
		{9137D36C-CF38-45E9-BDA6-EC07F4815049}.Release|Any CPU.ActiveCfg = Release|Any CPU
		{9137D36C-CF38-45E9-BDA6-EC07F4815049}.Release|Any CPU.Build.0 = Release|Any CPU
	EndGlobalSection
	GlobalSection(SolutionProperties) = preSolution
		HideSolutionNode = FALSE
	EndGlobalSection
	GlobalSection(ExtensibilityGlobals) = postSolution
		SolutionGuid = {E3096957-6A80-4033-AF52-A3C65B8A1EDD}
	EndGlobalSection
EndGlobal
